
Microsoft Visual Studio Solution File, Format Version 12.00
# Visual Studio Version 17
VisualStudioVersion = 17.0.31919.166
MinimumVisualStudioVersion = 10.0.40219.1
Project("{8BC9CEB8-8B4A-11D0-8D11-00A0C91BC942}") = "LaboratorijskaVjezba01", "LaboratorijskaVjezba01\LaboratorijskaVjezba01.vcxproj", "{E1BCEA61-55D1-4BD6-B6C0-1295F7A1A959}"
EndProject
Project("{8BC9CEB8-8B4A-11D0-8D11-00A0C91BC942}") = "AuditorneVjezbe03", "AuditorneVjezbe03\AuditorneVjezbe03.vcxproj", "{A1A3EF8D-FA2B-4BEB-B2F0-D503C23DFDA3}"
EndProject
Project("{8BC9CEB8-8B4A-11D0-8D11-00A0C91BC942}") = "AuditorneVjezbe01", "AuditorneVjezbe01\AuditorneVjezbe01.vcxproj", "{DC297DF0-63C4-4696-9273-367E3F6ADB77}"
EndProject
Project("{8BC9CEB8-8B4A-11D0-8D11-00A0C91BC942}") = "AuditorneVjezbe02", "AuditorneVjezbe02\AuditorneVjezbe02.vcxproj", "{4F0117A5-1C3B-4FC7-A4E1-CC9AFE3794FE}"
EndProject
Project("{8BC9CEB8-8B4A-11D0-8D11-00A0C91BC942}") = "LaboratorijskaVjezba02", "LaboratorijskaVjezba02\LaboratorijskaVjezba02.vcxproj", "{E3B482E3-FF85-49CC-AA21-6A2BE2564D81}"
EndProject
Project("{8BC9CEB8-8B4A-11D0-8D11-00A0C91BC942}") = "AuditorneVjezbe04", "AuditorneVjezbe04\AuditorneVjezbe04.vcxproj", "{98525DD0-6F88-4D7D-9397-16254F1A9671}"
EndProject
Project("{8BC9CEB8-8B4A-11D0-8D11-00A0C91BC942}") = "AuditorneVjezbe05", "AuditorneVjezbe05\AuditorneVjezbe05.vcxproj", "{3D1C8FD4-FC03-451A-9108-3A19D04456E0}"
EndProject
Project("{8BC9CEB8-8B4A-11D0-8D11-00A0C91BC942}") = "AuditorneVjezbe06", "AuditorneVjezbe06\AuditorneVjezbe06.vcxproj", "{AB41B1CA-7B1F-4BC5-9E52-583A02328B72}"
EndProject
Project("{8BC9CEB8-8B4A-11D0-8D11-00A0C91BC942}") = "LaboratorijskaVjezba03", "LaboratorijskaVjezba03\LaboratorijskaVjezba03.vcxproj", "{ED259F45-35A0-4D1A-B1CE-92C4071990A8}"
EndProject
Project("{8BC9CEB8-8B4A-11D0-8D11-00A0C91BC942}") = "AuditorneVjezbe07", "AuditorneVjezbe07\AuditorneVjezbe07.vcxproj", "{7FB68CA2-CDAD-462B-9DD0-A6B9AC83CA4E}"
EndProject
Project("{8BC9CEB8-8B4A-11D0-8D11-00A0C91BC942}") = "AuditorneVjezbe08", "AuditorneVjezbe08\AuditorneVjezbe08.vcxproj", "{AD347FEE-A6B8-41D8-8289-97D76C57D6D7}"
EndProject
Project("{8BC9CEB8-8B4A-11D0-8D11-00A0C91BC942}") = "AuditorneVjezbe09", "AuditorneVjezbe09\AuditorneVjezbe09.vcxproj", "{724CE1FA-69CB-4BF5-94F8-C0F6AF502A6C}"
EndProject
Project("{8BC9CEB8-8B4A-11D0-8D11-00A0C91BC942}") = "AuditorneVjezbe10", "AuditorneVjezbe10\AuditorneVjezbe10.vcxproj", "{BCFE8512-E8A1-4BB9-B374-AFEB2FBC50B5}"
EndProject
Project("{8BC9CEB8-8B4A-11D0-8D11-00A0C91BC942}") = "LaboratorijskaVjezba04", "LaboratorijskaVjezba04\LaboratorijskaVjezba04.vcxproj", "{5CA25D56-413F-4C53-803F-F96CAD557B10}"
EndProject
Project("{8BC9CEB8-8B4A-11D0-8D11-00A0C91BC942}") = "AuditorneVjezbe11", "AuditorneVjezbe11\AuditorneVjezbe11.vcxproj", "{656CE45C-994A-4F58-9F5E-172CACDABA0D}"
EndProject
Project("{8BC9CEB8-8B4A-11D0-8D11-00A0C91BC942}") = "AuditorneVjezbe12", "AuditorneVjezbe12\AuditorneVjezbe12.vcxproj", "{912BF658-6CC5-44C9-9C65-98EB8A832707}"
EndProject
Project("{8BC9CEB8-8B4A-11D0-8D11-00A0C91BC942}") = "Kolokvij1", "Kolokvij1\Kolokvij1.vcxproj", "{A1CBD03A-9B03-483D-9F03-93B2506ABA2E}"
EndProject
Project("{8BC9CEB8-8B4A-11D0-8D11-00A0C91BC942}") = "LaboratorijskaVjezba05", "LaboratorijskaVjezba05\LaboratorijskaVjezba05.vcxproj", "{BEE81114-6F74-4D43-ADC9-21DBAF754052}"
EndProject
Project("{8BC9CEB8-8B4A-11D0-8D11-00A0C91BC942}") = "Kolokvij2", "Kolokvij2\Kolokvij2.vcxproj", "{738E6500-3012-4EA2-8A81-67B4E7062DAE}"
EndProject
Project("{8BC9CEB8-8B4A-11D0-8D11-00A0C91BC942}") = "ZavrniIspit", "ZavrniIspit\ZavrniIspit.vcxproj", "{51BB1D4E-F1C0-46DD-B357-D98FEF4344BE}"
EndProject
Global
	GlobalSection(SolutionConfigurationPlatforms) = preSolution
		Debug|x64 = Debug|x64
		Debug|x86 = Debug|x86
		Release|x64 = Release|x64
		Release|x86 = Release|x86
	EndGlobalSection
	GlobalSection(ProjectConfigurationPlatforms) = postSolution
		{E1BCEA61-55D1-4BD6-B6C0-1295F7A1A959}.Debug|x64.ActiveCfg = Debug|x64
		{E1BCEA61-55D1-4BD6-B6C0-1295F7A1A959}.Debug|x64.Build.0 = Debug|x64
		{E1BCEA61-55D1-4BD6-B6C0-1295F7A1A959}.Debug|x86.ActiveCfg = Debug|Win32
		{E1BCEA61-55D1-4BD6-B6C0-1295F7A1A959}.Debug|x86.Build.0 = Debug|Win32
		{E1BCEA61-55D1-4BD6-B6C0-1295F7A1A959}.Release|x64.ActiveCfg = Release|x64
		{E1BCEA61-55D1-4BD6-B6C0-1295F7A1A959}.Release|x64.Build.0 = Release|x64
		{E1BCEA61-55D1-4BD6-B6C0-1295F7A1A959}.Release|x86.ActiveCfg = Release|Win32
		{E1BCEA61-55D1-4BD6-B6C0-1295F7A1A959}.Release|x86.Build.0 = Release|Win32
		{A1A3EF8D-FA2B-4BEB-B2F0-D503C23DFDA3}.Debug|x64.ActiveCfg = Debug|x64
		{A1A3EF8D-FA2B-4BEB-B2F0-D503C23DFDA3}.Debug|x64.Build.0 = Debug|x64
		{A1A3EF8D-FA2B-4BEB-B2F0-D503C23DFDA3}.Debug|x86.ActiveCfg = Debug|Win32
		{A1A3EF8D-FA2B-4BEB-B2F0-D503C23DFDA3}.Debug|x86.Build.0 = Debug|Win32
		{A1A3EF8D-FA2B-4BEB-B2F0-D503C23DFDA3}.Release|x64.ActiveCfg = Release|x64
		{A1A3EF8D-FA2B-4BEB-B2F0-D503C23DFDA3}.Release|x64.Build.0 = Release|x64
		{A1A3EF8D-FA2B-4BEB-B2F0-D503C23DFDA3}.Release|x86.ActiveCfg = Release|Win32
		{A1A3EF8D-FA2B-4BEB-B2F0-D503C23DFDA3}.Release|x86.Build.0 = Release|Win32
		{DC297DF0-63C4-4696-9273-367E3F6ADB77}.Debug|x64.ActiveCfg = Debug|x64
		{DC297DF0-63C4-4696-9273-367E3F6ADB77}.Debug|x64.Build.0 = Debug|x64
		{DC297DF0-63C4-4696-9273-367E3F6ADB77}.Debug|x86.ActiveCfg = Debug|Win32
		{DC297DF0-63C4-4696-9273-367E3F6ADB77}.Debug|x86.Build.0 = Debug|Win32
		{DC297DF0-63C4-4696-9273-367E3F6ADB77}.Release|x64.ActiveCfg = Release|x64
		{DC297DF0-63C4-4696-9273-367E3F6ADB77}.Release|x64.Build.0 = Release|x64
		{DC297DF0-63C4-4696-9273-367E3F6ADB77}.Release|x86.ActiveCfg = Release|Win32
		{DC297DF0-63C4-4696-9273-367E3F6ADB77}.Release|x86.Build.0 = Release|Win32
		{4F0117A5-1C3B-4FC7-A4E1-CC9AFE3794FE}.Debug|x64.ActiveCfg = Debug|x64
		{4F0117A5-1C3B-4FC7-A4E1-CC9AFE3794FE}.Debug|x64.Build.0 = Debug|x64
		{4F0117A5-1C3B-4FC7-A4E1-CC9AFE3794FE}.Debug|x86.ActiveCfg = Debug|Win32
		{4F0117A5-1C3B-4FC7-A4E1-CC9AFE3794FE}.Debug|x86.Build.0 = Debug|Win32
		{4F0117A5-1C3B-4FC7-A4E1-CC9AFE3794FE}.Release|x64.ActiveCfg = Release|x64
		{4F0117A5-1C3B-4FC7-A4E1-CC9AFE3794FE}.Release|x64.Build.0 = Release|x64
		{4F0117A5-1C3B-4FC7-A4E1-CC9AFE3794FE}.Release|x86.ActiveCfg = Release|Win32
		{4F0117A5-1C3B-4FC7-A4E1-CC9AFE3794FE}.Release|x86.Build.0 = Release|Win32
		{E3B482E3-FF85-49CC-AA21-6A2BE2564D81}.Debug|x64.ActiveCfg = Debug|x64
		{E3B482E3-FF85-49CC-AA21-6A2BE2564D81}.Debug|x64.Build.0 = Debug|x64
		{E3B482E3-FF85-49CC-AA21-6A2BE2564D81}.Debug|x86.ActiveCfg = Debug|Win32
		{E3B482E3-FF85-49CC-AA21-6A2BE2564D81}.Debug|x86.Build.0 = Debug|Win32
		{E3B482E3-FF85-49CC-AA21-6A2BE2564D81}.Release|x64.ActiveCfg = Release|x64
		{E3B482E3-FF85-49CC-AA21-6A2BE2564D81}.Release|x64.Build.0 = Release|x64
		{E3B482E3-FF85-49CC-AA21-6A2BE2564D81}.Release|x86.ActiveCfg = Release|Win32
		{E3B482E3-FF85-49CC-AA21-6A2BE2564D81}.Release|x86.Build.0 = Release|Win32
		{98525DD0-6F88-4D7D-9397-16254F1A9671}.Debug|x64.ActiveCfg = Debug|x64
		{98525DD0-6F88-4D7D-9397-16254F1A9671}.Debug|x64.Build.0 = Debug|x64
		{98525DD0-6F88-4D7D-9397-16254F1A9671}.Debug|x86.ActiveCfg = Debug|Win32
		{98525DD0-6F88-4D7D-9397-16254F1A9671}.Debug|x86.Build.0 = Debug|Win32
		{98525DD0-6F88-4D7D-9397-16254F1A9671}.Release|x64.ActiveCfg = Release|x64
		{98525DD0-6F88-4D7D-9397-16254F1A9671}.Release|x64.Build.0 = Release|x64
		{98525DD0-6F88-4D7D-9397-16254F1A9671}.Release|x86.ActiveCfg = Release|Win32
		{98525DD0-6F88-4D7D-9397-16254F1A9671}.Release|x86.Build.0 = Release|Win32
		{3D1C8FD4-FC03-451A-9108-3A19D04456E0}.Debug|x64.ActiveCfg = Debug|x64
		{3D1C8FD4-FC03-451A-9108-3A19D04456E0}.Debug|x64.Build.0 = Debug|x64
		{3D1C8FD4-FC03-451A-9108-3A19D04456E0}.Debug|x86.ActiveCfg = Debug|Win32
		{3D1C8FD4-FC03-451A-9108-3A19D04456E0}.Debug|x86.Build.0 = Debug|Win32
		{3D1C8FD4-FC03-451A-9108-3A19D04456E0}.Release|x64.ActiveCfg = Release|x64
		{3D1C8FD4-FC03-451A-9108-3A19D04456E0}.Release|x64.Build.0 = Release|x64
		{3D1C8FD4-FC03-451A-9108-3A19D04456E0}.Release|x86.ActiveCfg = Release|Win32
		{3D1C8FD4-FC03-451A-9108-3A19D04456E0}.Release|x86.Build.0 = Release|Win32
		{AB41B1CA-7B1F-4BC5-9E52-583A02328B72}.Debug|x64.ActiveCfg = Debug|x64
		{AB41B1CA-7B1F-4BC5-9E52-583A02328B72}.Debug|x64.Build.0 = Debug|x64
		{AB41B1CA-7B1F-4BC5-9E52-583A02328B72}.Debug|x86.ActiveCfg = Debug|Win32
		{AB41B1CA-7B1F-4BC5-9E52-583A02328B72}.Debug|x86.Build.0 = Debug|Win32
		{AB41B1CA-7B1F-4BC5-9E52-583A02328B72}.Release|x64.ActiveCfg = Release|x64
		{AB41B1CA-7B1F-4BC5-9E52-583A02328B72}.Release|x64.Build.0 = Release|x64
		{AB41B1CA-7B1F-4BC5-9E52-583A02328B72}.Release|x86.ActiveCfg = Release|Win32
		{AB41B1CA-7B1F-4BC5-9E52-583A02328B72}.Release|x86.Build.0 = Release|Win32
		{ED259F45-35A0-4D1A-B1CE-92C4071990A8}.Debug|x64.ActiveCfg = Debug|x64
		{ED259F45-35A0-4D1A-B1CE-92C4071990A8}.Debug|x64.Build.0 = Debug|x64
		{ED259F45-35A0-4D1A-B1CE-92C4071990A8}.Debug|x86.ActiveCfg = Debug|Win32
		{ED259F45-35A0-4D1A-B1CE-92C4071990A8}.Debug|x86.Build.0 = Debug|Win32
		{ED259F45-35A0-4D1A-B1CE-92C4071990A8}.Release|x64.ActiveCfg = Release|x64
		{ED259F45-35A0-4D1A-B1CE-92C4071990A8}.Release|x64.Build.0 = Release|x64
		{ED259F45-35A0-4D1A-B1CE-92C4071990A8}.Release|x86.ActiveCfg = Release|Win32
		{ED259F45-35A0-4D1A-B1CE-92C4071990A8}.Release|x86.Build.0 = Release|Win32
		{7FB68CA2-CDAD-462B-9DD0-A6B9AC83CA4E}.Debug|x64.ActiveCfg = Debug|x64
		{7FB68CA2-CDAD-462B-9DD0-A6B9AC83CA4E}.Debug|x64.Build.0 = Debug|x64
		{7FB68CA2-CDAD-462B-9DD0-A6B9AC83CA4E}.Debug|x86.ActiveCfg = Debug|Win32
		{7FB68CA2-CDAD-462B-9DD0-A6B9AC83CA4E}.Debug|x86.Build.0 = Debug|Win32
		{7FB68CA2-CDAD-462B-9DD0-A6B9AC83CA4E}.Release|x64.ActiveCfg = Release|x64
		{7FB68CA2-CDAD-462B-9DD0-A6B9AC83CA4E}.Release|x64.Build.0 = Release|x64
		{7FB68CA2-CDAD-462B-9DD0-A6B9AC83CA4E}.Release|x86.ActiveCfg = Release|Win32
		{7FB68CA2-CDAD-462B-9DD0-A6B9AC83CA4E}.Release|x86.Build.0 = Release|Win32
		{AD347FEE-A6B8-41D8-8289-97D76C57D6D7}.Debug|x64.ActiveCfg = Debug|x64
		{AD347FEE-A6B8-41D8-8289-97D76C57D6D7}.Debug|x64.Build.0 = Debug|x64
		{AD347FEE-A6B8-41D8-8289-97D76C57D6D7}.Debug|x86.ActiveCfg = Debug|Win32
		{AD347FEE-A6B8-41D8-8289-97D76C57D6D7}.Debug|x86.Build.0 = Debug|Win32
		{AD347FEE-A6B8-41D8-8289-97D76C57D6D7}.Release|x64.ActiveCfg = Release|x64
		{AD347FEE-A6B8-41D8-8289-97D76C57D6D7}.Release|x64.Build.0 = Release|x64
		{AD347FEE-A6B8-41D8-8289-97D76C57D6D7}.Release|x86.ActiveCfg = Release|Win32
		{AD347FEE-A6B8-41D8-8289-97D76C57D6D7}.Release|x86.Build.0 = Release|Win32
		{724CE1FA-69CB-4BF5-94F8-C0F6AF502A6C}.Debug|x64.ActiveCfg = Debug|x64
		{724CE1FA-69CB-4BF5-94F8-C0F6AF502A6C}.Debug|x64.Build.0 = Debug|x64
		{724CE1FA-69CB-4BF5-94F8-C0F6AF502A6C}.Debug|x86.ActiveCfg = Debug|Win32
		{724CE1FA-69CB-4BF5-94F8-C0F6AF502A6C}.Debug|x86.Build.0 = Debug|Win32
		{724CE1FA-69CB-4BF5-94F8-C0F6AF502A6C}.Release|x64.ActiveCfg = Release|x64
		{724CE1FA-69CB-4BF5-94F8-C0F6AF502A6C}.Release|x64.Build.0 = Release|x64
		{724CE1FA-69CB-4BF5-94F8-C0F6AF502A6C}.Release|x86.ActiveCfg = Release|Win32
		{724CE1FA-69CB-4BF5-94F8-C0F6AF502A6C}.Release|x86.Build.0 = Release|Win32
		{BCFE8512-E8A1-4BB9-B374-AFEB2FBC50B5}.Debug|x64.ActiveCfg = Debug|x64
		{BCFE8512-E8A1-4BB9-B374-AFEB2FBC50B5}.Debug|x64.Build.0 = Debug|x64
		{BCFE8512-E8A1-4BB9-B374-AFEB2FBC50B5}.Debug|x86.ActiveCfg = Debug|Win32
		{BCFE8512-E8A1-4BB9-B374-AFEB2FBC50B5}.Debug|x86.Build.0 = Debug|Win32
		{BCFE8512-E8A1-4BB9-B374-AFEB2FBC50B5}.Release|x64.ActiveCfg = Release|x64
		{BCFE8512-E8A1-4BB9-B374-AFEB2FBC50B5}.Release|x64.Build.0 = Release|x64
		{BCFE8512-E8A1-4BB9-B374-AFEB2FBC50B5}.Release|x86.ActiveCfg = Release|Win32
		{BCFE8512-E8A1-4BB9-B374-AFEB2FBC50B5}.Release|x86.Build.0 = Release|Win32
		{5CA25D56-413F-4C53-803F-F96CAD557B10}.Debug|x64.ActiveCfg = Debug|x64
		{5CA25D56-413F-4C53-803F-F96CAD557B10}.Debug|x64.Build.0 = Debug|x64
		{5CA25D56-413F-4C53-803F-F96CAD557B10}.Debug|x86.ActiveCfg = Debug|Win32
		{5CA25D56-413F-4C53-803F-F96CAD557B10}.Debug|x86.Build.0 = Debug|Win32
		{5CA25D56-413F-4C53-803F-F96CAD557B10}.Release|x64.ActiveCfg = Release|x64
		{5CA25D56-413F-4C53-803F-F96CAD557B10}.Release|x64.Build.0 = Release|x64
		{5CA25D56-413F-4C53-803F-F96CAD557B10}.Release|x86.ActiveCfg = Release|Win32
		{5CA25D56-413F-4C53-803F-F96CAD557B10}.Release|x86.Build.0 = Release|Win32
		{656CE45C-994A-4F58-9F5E-172CACDABA0D}.Debug|x64.ActiveCfg = Debug|x64
		{656CE45C-994A-4F58-9F5E-172CACDABA0D}.Debug|x64.Build.0 = Debug|x64
		{656CE45C-994A-4F58-9F5E-172CACDABA0D}.Debug|x86.ActiveCfg = Debug|Win32
		{656CE45C-994A-4F58-9F5E-172CACDABA0D}.Debug|x86.Build.0 = Debug|Win32
		{656CE45C-994A-4F58-9F5E-172CACDABA0D}.Release|x64.ActiveCfg = Release|x64
		{656CE45C-994A-4F58-9F5E-172CACDABA0D}.Release|x64.Build.0 = Release|x64
		{656CE45C-994A-4F58-9F5E-172CACDABA0D}.Release|x86.ActiveCfg = Release|Win32
		{656CE45C-994A-4F58-9F5E-172CACDABA0D}.Release|x86.Build.0 = Release|Win32
		{912BF658-6CC5-44C9-9C65-98EB8A832707}.Debug|x64.ActiveCfg = Debug|x64
		{912BF658-6CC5-44C9-9C65-98EB8A832707}.Debug|x64.Build.0 = Debug|x64
		{912BF658-6CC5-44C9-9C65-98EB8A832707}.Debug|x86.ActiveCfg = Debug|Win32
		{912BF658-6CC5-44C9-9C65-98EB8A832707}.Debug|x86.Build.0 = Debug|Win32
		{912BF658-6CC5-44C9-9C65-98EB8A832707}.Release|x64.ActiveCfg = Release|x64
		{912BF658-6CC5-44C9-9C65-98EB8A832707}.Release|x64.Build.0 = Release|x64
		{912BF658-6CC5-44C9-9C65-98EB8A832707}.Release|x86.ActiveCfg = Release|Win32
		{912BF658-6CC5-44C9-9C65-98EB8A832707}.Release|x86.Build.0 = Release|Win32
		{A1CBD03A-9B03-483D-9F03-93B2506ABA2E}.Debug|x64.ActiveCfg = Debug|x64
		{A1CBD03A-9B03-483D-9F03-93B2506ABA2E}.Debug|x64.Build.0 = Debug|x64
		{A1CBD03A-9B03-483D-9F03-93B2506ABA2E}.Debug|x86.ActiveCfg = Debug|Win32
		{A1CBD03A-9B03-483D-9F03-93B2506ABA2E}.Debug|x86.Build.0 = Debug|Win32
		{A1CBD03A-9B03-483D-9F03-93B2506ABA2E}.Release|x64.ActiveCfg = Release|x64
		{A1CBD03A-9B03-483D-9F03-93B2506ABA2E}.Release|x64.Build.0 = Release|x64
		{A1CBD03A-9B03-483D-9F03-93B2506ABA2E}.Release|x86.ActiveCfg = Release|Win32
		{A1CBD03A-9B03-483D-9F03-93B2506ABA2E}.Release|x86.Build.0 = Release|Win32
		{BEE81114-6F74-4D43-ADC9-21DBAF754052}.Debug|x64.ActiveCfg = Debug|x64
		{BEE81114-6F74-4D43-ADC9-21DBAF754052}.Debug|x64.Build.0 = Debug|x64
		{BEE81114-6F74-4D43-ADC9-21DBAF754052}.Debug|x86.ActiveCfg = Debug|Win32
		{BEE81114-6F74-4D43-ADC9-21DBAF754052}.Debug|x86.Build.0 = Debug|Win32
		{BEE81114-6F74-4D43-ADC9-21DBAF754052}.Release|x64.ActiveCfg = Release|x64
		{BEE81114-6F74-4D43-ADC9-21DBAF754052}.Release|x64.Build.0 = Release|x64
		{BEE81114-6F74-4D43-ADC9-21DBAF754052}.Release|x86.ActiveCfg = Release|Win32
		{BEE81114-6F74-4D43-ADC9-21DBAF754052}.Release|x86.Build.0 = Release|Win32
		{738E6500-3012-4EA2-8A81-67B4E7062DAE}.Debug|x64.ActiveCfg = Debug|x64
		{738E6500-3012-4EA2-8A81-67B4E7062DAE}.Debug|x64.Build.0 = Debug|x64
		{738E6500-3012-4EA2-8A81-67B4E7062DAE}.Debug|x86.ActiveCfg = Debug|Win32
		{738E6500-3012-4EA2-8A81-67B4E7062DAE}.Debug|x86.Build.0 = Debug|Win32
		{738E6500-3012-4EA2-8A81-67B4E7062DAE}.Release|x64.ActiveCfg = Release|x64
		{738E6500-3012-4EA2-8A81-67B4E7062DAE}.Release|x64.Build.0 = Release|x64
		{738E6500-3012-4EA2-8A81-67B4E7062DAE}.Release|x86.ActiveCfg = Release|Win32
		{738E6500-3012-4EA2-8A81-67B4E7062DAE}.Release|x86.Build.0 = Release|Win32
		{51BB1D4E-F1C0-46DD-B357-D98FEF4344BE}.Debug|x64.ActiveCfg = Debug|x64
		{51BB1D4E-F1C0-46DD-B357-D98FEF4344BE}.Debug|x64.Build.0 = Debug|x64
		{51BB1D4E-F1C0-46DD-B357-D98FEF4344BE}.Debug|x86.ActiveCfg = Debug|Win32
		{51BB1D4E-F1C0-46DD-B357-D98FEF4344BE}.Debug|x86.Build.0 = Debug|Win32
		{51BB1D4E-F1C0-46DD-B357-D98FEF4344BE}.Release|x64.ActiveCfg = Release|x64
		{51BB1D4E-F1C0-46DD-B357-D98FEF4344BE}.Release|x64.Build.0 = Release|x64
		{51BB1D4E-F1C0-46DD-B357-D98FEF4344BE}.Release|x86.ActiveCfg = Release|Win32
		{51BB1D4E-F1C0-46DD-B357-D98FEF4344BE}.Release|x86.Build.0 = Release|Win32
	EndGlobalSection
	GlobalSection(SolutionProperties) = preSolution
		HideSolutionNode = FALSE
	EndGlobalSection
	GlobalSection(ExtensibilityGlobals) = postSolution
		SolutionGuid = {8E4A40B8-8B98-47F4-97D1-9FBF989E3760}
	EndGlobalSection
EndGlobal
